
Microsoft Visual Studio Solution File, Format Version 12.00
# Visual Studio 15
Project("{FAE04EC0-301F-11D3-BF4B-00C04F79EFBC}") = "Assembly-CSharp", "Assembly-CSharp.csproj", "{44A2B080-D4AC-69DA-8098-CE7BA28B7EAA}"
EndProject
Project("{FAE04EC0-301F-11D3-BF4B-00C04F79EFBC}") = "Assembly-CSharp-firstpass", "Assembly-CSharp-firstpass.csproj", "{211DA04A-A848-9FBA-A430-B10F407EC678}"
EndProject
Project("{FAE04EC0-301F-11D3-BF4B-00C04F79EFBC}") = "NavMeshComponents", "NavMeshComponents.csproj", "{A392A39B-DAB9-3612-0B4A-CC7DB5AC809F}"
EndProject
Project("{FAE04EC0-301F-11D3-BF4B-00C04F79EFBC}") = "NavMeshComponentsEditor", "NavMeshComponentsEditor.csproj", "{E1F7149F-2A6B-053D-CDD5-BF1F35D7E291}"
EndProject
Project("{FAE04EC0-301F-11D3-BF4B-00C04F79EFBC}") = "Assembly-CSharp-Editor", "Assembly-CSharp-Editor.csproj", "{A65C3EE8-6FCF-AB45-3B7E-CFB3069699D3}"
EndProject
Global
	GlobalSection(SolutionConfigurationPlatforms) = preSolution
		Debug|Any CPU = Debug|Any CPU
		Release|Any CPU = Release|Any CPU
	EndGlobalSection
	GlobalSection(ProjectConfigurationPlatforms) = postSolution
		{44A2B080-D4AC-69DA-8098-CE7BA28B7EAA}.Debug|Any CPU.ActiveCfg = Debug|Any CPU
		{44A2B080-D4AC-69DA-8098-CE7BA28B7EAA}.Debug|Any CPU.Build.0 = Debug|Any CPU
		{44A2B080-D4AC-69DA-8098-CE7BA28B7EAA}.Release|Any CPU.ActiveCfg = Release|Any CPU
		{44A2B080-D4AC-69DA-8098-CE7BA28B7EAA}.Release|Any CPU.Build.0 = Release|Any CPU
		{211DA04A-A848-9FBA-A430-B10F407EC678}.Debug|Any CPU.ActiveCfg = Debug|Any CPU
		{211DA04A-A848-9FBA-A430-B10F407EC678}.Debug|Any CPU.Build.0 = Debug|Any CPU
		{211DA04A-A848-9FBA-A430-B10F407EC678}.Release|Any CPU.ActiveCfg = Release|Any CPU
		{211DA04A-A848-9FBA-A430-B10F407EC678}.Release|Any CPU.Build.0 = Release|Any CPU
		{A392A39B-DAB9-3612-0B4A-CC7DB5AC809F}.Debug|Any CPU.ActiveCfg = Debug|Any CPU
		{A392A39B-DAB9-3612-0B4A-CC7DB5AC809F}.Debug|Any CPU.Build.0 = Debug|Any CPU
		{A392A39B-DAB9-3612-0B4A-CC7DB5AC809F}.Release|Any CPU.ActiveCfg = Release|Any CPU
		{A392A39B-DAB9-3612-0B4A-CC7DB5AC809F}.Release|Any CPU.Build.0 = Release|Any CPU
		{E1F7149F-2A6B-053D-CDD5-BF1F35D7E291}.Debug|Any CPU.ActiveCfg = Debug|Any CPU
		{E1F7149F-2A6B-053D-CDD5-BF1F35D7E291}.Debug|Any CPU.Build.0 = Debug|Any CPU
		{E1F7149F-2A6B-053D-CDD5-BF1F35D7E291}.Release|Any CPU.ActiveCfg = Release|Any CPU
		{E1F7149F-2A6B-053D-CDD5-BF1F35D7E291}.Release|Any CPU.Build.0 = Release|Any CPU
		{A65C3EE8-6FCF-AB45-3B7E-CFB3069699D3}.Debug|Any CPU.ActiveCfg = Debug|Any CPU
		{A65C3EE8-6FCF-AB45-3B7E-CFB3069699D3}.Debug|Any CPU.Build.0 = Debug|Any CPU
		{A65C3EE8-6FCF-AB45-3B7E-CFB3069699D3}.Release|Any CPU.ActiveCfg = Release|Any CPU
		{A65C3EE8-6FCF-AB45-3B7E-CFB3069699D3}.Release|Any CPU.Build.0 = Release|Any CPU
	EndGlobalSection
	GlobalSection(SolutionProperties) = preSolution
		HideSolutionNode = FALSE
	EndGlobalSection
EndGlobal
